
Microsoft Visual Studio Solution File, Format Version 12.00
# Visual Studio Version 17
VisualStudioVersion = 17.7.34202.233
MinimumVisualStudioVersion = 10.0.40219.1
Project("{FAE04EC0-301F-11D3-BF4B-00C04F79EFBC}") = "Bunky", "Bunky\Bunky.csproj", "{1F1BAE72-0410-4D22-9673-7D52C28508D8}"
EndProject
Global
	GlobalSection(SolutionConfigurationPlatforms) = preSolution
		Debug|Any CPU = Debug|Any CPU
		Release|Any CPU = Release|Any CPU
	EndGlobalSection
	GlobalSection(ProjectConfigurationPlatforms) = postSolution
		{1F1BAE72-0410-4D22-9673-7D52C28508D8}.Debug|Any CPU.ActiveCfg = Debug|Any CPU
		{1F1BAE72-0410-4D22-9673-7D52C28508D8}.Debug|Any CPU.Build.0 = Debug|Any CPU
		{1F1BAE72-0410-4D22-9673-7D52C28508D8}.Release|Any CPU.ActiveCfg = Release|Any CPU
		{1F1BAE72-0410-4D22-9673-7D52C28508D8}.Release|Any CPU.Build.0 = Release|Any CPU
	EndGlobalSection
	GlobalSection(SolutionProperties) = preSolution
		HideSolutionNode = FALSE
	EndGlobalSection
	GlobalSection(ExtensibilityGlobals) = postSolution
		SolutionGuid = {5D577BC5-1F27-4207-BECF-6B1EDE6F1521}
	EndGlobalSection
EndGlobal
